PODS:
  - NVActivityIndicatorView (5.0.0):
    - NVActivityIndicatorView/Base (= 5.0.0)
  - NVActivityIndicatorView/Base (5.0.0)
  - ReachabilitySwift (5.0.0)

DEPENDENCIES:
  - NVActivityIndicatorView
  - ReachabilitySwift

SPEC REPOS:
  trunk:
    - NVActivityIndicatorView
    - ReachabilitySwift

SPEC CHECKSUMS:
  NVActivityIndicatorView: f109ed069924ac1b4adbc1ae9cfaeac0be1d6c2c
  ReachabilitySwift: 985039c6f7b23a1da463388634119492ff86c825

PODFILE CHECKSUM: c7dd1ff9e08d90062b6b93d06e1d3ad1a06edcfb

COCOAPODS: 1.9.3
