PODS:
  - NVActivityIndicatorView (5.0.0):
    - NVActivityIndicatorView/Base (= 5.0.0)
  - NVActivityIndicatorView/Base (5.0.0)
  - ReachabilitySwift (5.0.0)

DEPENDENCIES:
  - NVActivityIndicatorView
  - ReachabilitySwift

SPEC REPOS:
  trunk:
    - NVActivityIndicatorView
    - ReachabilitySwift

SPEC CHECKSUMS:
  NVActivityIndicatorView: f109ed069924ac1b4adbc1ae9cfaeac0be1d6c2c
  ReachabilitySwift: 985039c6f7b23a1da463388634119492ff86c825

PODFILE CHECKSUM: f260372f90063dc6964862a06590bdcfe32c479c

COCOAPODS: 1.9.3
