// !$*UTF8*$!
{
	archiveVersion = 1;
	classes = {
	};
	objectVersion = 51;
	objects = {

/* Begin PBXBuildFile section */
		521E8D001FD2A2310542F67A /* Pods_Assignment_VikramGupta.framework in Frameworks */ = {isa = PBXBuildFile; fileRef = 634D886EEC1803D667043C4A /* Pods_Assignment_VikramGupta.framework */; };
		BD88BD9867199C276869CCF9 /* Pods_Assignment_VikramGuptaTests.framework in Frameworks */ = {isa = PBXBuildFile; fileRef = 6CE27762A1BF3F6B86D14A21 /* Pods_Assignment_VikramGuptaTests.framework */; };
		E092FA8324C9661C008895FD /* AppDelegate.swift in Sources */ = {isa = PBXBuildFile; fileRef = E092FA8224C9661C008895FD /* AppDelegate.swift */; };
		E092FA8C24C96624008895FD /* Assets.xcassets in Resources */ = {isa = PBXBuildFile; fileRef = E092FA8B24C96624008895FD /* Assets.xcassets */; };
		E092FA8F24C96624008895FD /* LaunchScreen.storyboard in Resources */ = {isa = PBXBuildFile; fileRef = E092FA8D24C96624008895FD /* LaunchScreen.storyboard */; };
		E092FA9A24C96625008895FD /* Assignment_VikramGuptaTests.swift in Sources */ = {isa = PBXBuildFile; fileRef = E092FA9924C96625008895FD /* Assignment_VikramGuptaTests.swift */; };
		E092FAA524C96625008895FD /* Assignment_VikramGuptaUITests.swift in Sources */ = {isa = PBXBuildFile; fileRef = E092FAA424C96625008895FD /* Assignment_VikramGuptaUITests.swift */; };
		E092FAB324C967AB008895FD /* DashboardViewController.swift in Sources */ = {isa = PBXBuildFile; fileRef = E092FAB224C967AB008895FD /* DashboardViewController.swift */; };
		E092FABA24C9A3DA008895FD /* Facts.swift in Sources */ = {isa = PBXBuildFile; fileRef = E092FAB924C9A3DA008895FD /* Facts.swift */; };
		E092FABC24C9A4CF008895FD /* APIManager.swift in Sources */ = {isa = PBXBuildFile; fileRef = E092FABB24C9A4CF008895FD /* APIManager.swift */; };
		E092FABE24C9A56F008895FD /* Constants.swift in Sources */ = {isa = PBXBuildFile; fileRef = E092FABD24C9A56F008895FD /* Constants.swift */; };
		E092FAC024C9A723008895FD /* NetworkManager.swift in Sources */ = {isa = PBXBuildFile; fileRef = E092FABF24C9A723008895FD /* NetworkManager.swift */; };
		E092FAC524C9AB59008895FD /* FactsViewModel.swift in Sources */ = {isa = PBXBuildFile; fileRef = E092FAC424C9AB59008895FD /* FactsViewModel.swift */; };
		E092FAC924C9E3F5008895FD /* DashboardTableViewCell.swift in Sources */ = {isa = PBXBuildFile; fileRef = E092FAC824C9E3F5008895FD /* DashboardTableViewCell.swift */; };
		E092FAE724CAC60D008895FD /* UIViewController+Facts.swift in Sources */ = {isa = PBXBuildFile; fileRef = E092FAE624CAC60D008895FD /* UIViewController+Facts.swift */; };
		E092FAE924CAD0BC008895FD /* UIImageView+LoadImageURL.swift in Sources */ = {isa = PBXBuildFile; fileRef = E092FAE824CAD0BC008895FD /* UIImageView+LoadImageURL.swift */; };
		E092FAF024CAD5DD008895FD /* response.json in Resources */ = {isa = PBXBuildFile; fileRef = E092FAEF24CAD5DD008895FD /* response.json */; };
		E092FAF124CAD5EF008895FD /* Assignment_VikramGuptaModelTest.swift in Sources */ = {isa = PBXBuildFile; fileRef = E092FAEC24CAD57A008895FD /* Assignment_VikramGuptaModelTest.swift */; };
		FADDEC505FAA53F74454BC3A /* Pods_Assignment_VikramGupta_Assignment_VikramGuptaUITests.framework in Frameworks */ = {isa = PBXBuildFile; fileRef = 9628B57808C450A5672D8E8E /* Pods_Assignment_VikramGupta_Assignment_VikramGuptaUITests.framework */; };
/* End PBXBuildFile section */

/* Begin PBXContainerItemProxy section */
		E092FA9624C96625008895FD /* PBXContainerItemProxy */ = {
			isa = PBXContainerItemProxy;
			containerPortal = E092FA7724C9661C008895FD /* Project object */;
			proxyType = 1;
			remoteGlobalIDString = E092FA7E24C9661C008895FD;
			remoteInfo = Assignment_VikramGupta;
		};
		E092FAA124C96625008895FD /* PBXContainerItemProxy */ = {
			isa = PBXContainerItemProxy;
			containerPortal = E092FA7724C9661C008895FD /* Project object */;
			proxyType = 1;
			remoteGlobalIDString = E092FA7E24C9661C008895FD;
			remoteInfo = Assignment_VikramGupta;
		};
/* End PBXContainerItemProxy section */

/* Begin PBXFileReference section */
		18F042C5CB7496071F801A79 /* Pods-Assignment_VikramGuptaTests.debug.xcconfig */ = {isa = PBXFileReference; includeInIndex = 1; lastKnownFileType = text.xcconfig; name = "Pods-Assignment_VikramGuptaTests.debug.xcconfig"; path = "Target Support Files/Pods-Assignment_VikramGuptaTests/Pods-Assignment_VikramGuptaTests.debug.xcconfig"; sourceTree = "<group>"; };
		2C59F91DD15E9AF7BB9FE21D /* Pods-Assignment_VikramGupta.release.xcconfig */ = {isa = PBXFileReference; includeInIndex = 1; lastKnownFileType = text.xcconfig; name = "Pods-Assignment_VikramGupta.release.xcconfig"; path = "Target Support Files/Pods-Assignment_VikramGupta/Pods-Assignment_VikramGupta.release.xcconfig"; sourceTree = "<group>"; };
		634D886EEC1803D667043C4A /* Pods_Assignment_VikramGupta.framework */ = {isa = PBXFileReference; explicitFileType = wrapper.framework; includeInIndex = 0; path = Pods_Assignment_VikramGupta.framework; sourceTree = BUILT_PRODUCTS_DIR; };
		6CE27762A1BF3F6B86D14A21 /* Pods_Assignment_VikramGuptaTests.framework */ = {isa = PBXFileReference; explicitFileType = wrapper.framework; includeInIndex = 0; path = Pods_Assignment_VikramGuptaTests.framework; sourceTree = BUILT_PRODUCTS_DIR; };
		7276CEB622EE17A287C46C72 /* Pods-Assignment_VikramGupta-Assignment_VikramGuptaUITests.debug.xcconfig */ = {isa = PBXFileReference; includeInIndex = 1; lastKnownFileType = text.xcconfig; name = "Pods-Assignment_VikramGupta-Assignment_VikramGuptaUITests.debug.xcconfig"; path = "Target Support Files/Pods-Assignment_VikramGupta-Assignment_VikramGuptaUITests/Pods-Assignment_VikramGupta-Assignment_VikramGuptaUITests.debug.xcconfig"; sourceTree = "<group>"; };
		9628B57808C450A5672D8E8E /* Pods_Assignment_VikramGupta_Assignment_VikramGuptaUITests.framework */ = {isa = PBXFileReference; explicitFileType = wrapper.framework; includeInIndex = 0; path = Pods_Assignment_VikramGupta_Assignment_VikramGuptaUITests.framework; sourceTree = BUILT_PRODUCTS_DIR; };
		E092FA7F24C9661C008895FD /* Canada Facts.app */ = {isa = PBXFileReference; explicitFileType = wrapper.application; includeInIndex = 0; path = "Canada Facts.app"; sourceTree = BUILT_PRODUCTS_DIR; };
		E092FA8224C9661C008895FD /* AppDelegate.swift */ = {isa = PBXFileReference; lastKnownFileType = sourcecode.swift; path = AppDelegate.swift; sourceTree = "<group>"; };
		E092FA8B24C96624008895FD /* Assets.xcassets */ = {isa = PBXFileReference; lastKnownFileType = folder.assetcatalog; path = Assets.xcassets; sourceTree = "<group>"; };
		E092FA8E24C96624008895FD /* Base */ = {isa = PBXFileReference; lastKnownFileType = file.storyboard; name = Base; path = Base.lproj/LaunchScreen.storyboard; sourceTree = "<group>"; };
		E092FA9024C96624008895FD /* Info.plist */ = {isa = PBXFileReference; lastKnownFileType = text.plist.xml; name = Info.plist; path = Resources/Info.plist; sourceTree = "<group>"; };
		E092FA9524C96625008895FD /* Assignment_VikramGuptaTests.xctest */ = {isa = PBXFileReference; explicitFileType = wrapper.cfbundle; includeInIndex = 0; path = Assignment_VikramGuptaTests.xctest; sourceTree = BUILT_PRODUCTS_DIR; };
		E092FA9924C96625008895FD /* Assignment_VikramGuptaTests.swift */ = {isa = PBXFileReference; lastKnownFileType = sourcecode.swift; path = Assignment_VikramGuptaTests.swift; sourceTree = "<group>"; };
		E092FA9B24C96625008895FD /* Info.plist */ = {isa = PBXFileReference; lastKnownFileType = text.plist.xml; path = Info.plist; sourceTree = "<group>"; };
		E092FAA024C96625008895FD /* Assignment_VikramGuptaUITests.xctest */ = {isa = PBXFileReference; explicitFileType = wrapper.cfbundle; includeInIndex = 0; path = Assignment_VikramGuptaUITests.xctest; sourceTree = BUILT_PRODUCTS_DIR; };
		E092FAA424C96625008895FD /* Assignment_VikramGuptaUITests.swift */ = {isa = PBXFileReference; lastKnownFileType = sourcecode.swift; path = Assignment_VikramGuptaUITests.swift; sourceTree = "<group>"; };
		E092FAA624C96625008895FD /* Info.plist */ = {isa = PBXFileReference; lastKnownFileType = text.plist.xml; path = Info.plist; sourceTree = "<group>"; };
		E092FAB224C967AB008895FD /* DashboardViewController.swift */ = {isa = PBXFileReference; lastKnownFileType = sourcecode.swift; path = DashboardViewController.swift; sourceTree = "<group>"; };
		E092FAB924C9A3DA008895FD /* Facts.swift */ = {isa = PBXFileReference; lastKnownFileType = sourcecode.swift; path = Facts.swift; sourceTree = "<group>"; };
		E092FABB24C9A4CF008895FD /* APIManager.swift */ = {isa = PBXFileReference; lastKnownFileType = sourcecode.swift; path = APIManager.swift; sourceTree = "<group>"; };
		E092FABD24C9A56F008895FD /* Constants.swift */ = {isa = PBXFileReference; lastKnownFileType = sourcecode.swift; path = Constants.swift; sourceTree = "<group>"; };
		E092FABF24C9A723008895FD /* NetworkManager.swift */ = {isa = PBXFileReference; lastKnownFileType = sourcecode.swift; path = NetworkManager.swift; sourceTree = "<group>"; };
		E092FAC424C9AB59008895FD /* FactsViewModel.swift */ = {isa = PBXFileReference; lastKnownFileType = sourcecode.swift; path = FactsViewModel.swift; sourceTree = "<group>"; };
		E092FAC824C9E3F5008895FD /* DashboardTableViewCell.swift */ = {isa = PBXFileReference; lastKnownFileType = sourcecode.swift; path = DashboardTableViewCell.swift; sourceTree = "<group>"; };
		E092FAE624CAC60D008895FD /* UIViewController+Facts.swift */ = {isa = PBXFileReference; lastKnownFileType = sourcecode.swift; path = "UIViewController+Facts.swift"; sourceTree = "<group>"; };
		E092FAE824CAD0BC008895FD /* UIImageView+LoadImageURL.swift */ = {isa = PBXFileReference; fileEncoding = 4; lastKnownFileType = sourcecode.swift; path = "UIImageView+LoadImageURL.swift"; sourceTree = "<group>"; };
		E092FAEC24CAD57A008895FD /* Assignment_VikramGuptaModelTest.swift */ = {isa = PBXFileReference; lastKnownFileType = sourcecode.swift; path = Assignment_VikramGuptaModelTest.swift; sourceTree = "<group>"; };
		E092FAEF24CAD5DD008895FD /* response.json */ = {isa = PBXFileReference; fileEncoding = 4; lastKnownFileType = text.json; path = response.json; sourceTree = "<group>"; };
		E2246553380F12A33DF38E44 /* Pods-Assignment_VikramGuptaTests.release.xcconfig */ = {isa = PBXFileReference; includeInIndex = 1; lastKnownFileType = text.xcconfig; name = "Pods-Assignment_VikramGuptaTests.release.xcconfig"; path = "Target Support Files/Pods-Assignment_VikramGuptaTests/Pods-Assignment_VikramGuptaTests.release.xcconfig"; sourceTree = "<group>"; };
		FA96934B48167467B21720D2 /* Pods-Assignment_VikramGupta-Assignment_VikramGuptaUITests.release.xcconfig */ = {isa = PBXFileReference; includeInIndex = 1; lastKnownFileType = text.xcconfig; name = "Pods-Assignment_VikramGupta-Assignment_VikramGuptaUITests.release.xcconfig"; path = "Target Support Files/Pods-Assignment_VikramGupta-Assignment_VikramGuptaUITests/Pods-Assignment_VikramGupta-Assignment_VikramGuptaUITests.release.xcconfig"; sourceTree = "<group>"; };
		FB34366575713CC114A22287 /* Pods-Assignment_VikramGupta.debug.xcconfig */ = {isa = PBXFileReference; includeInIndex = 1; lastKnownFileType = text.xcconfig; name = "Pods-Assignment_VikramGupta.debug.xcconfig"; path = "Target Support Files/Pods-Assignment_VikramGupta/Pods-Assignment_VikramGupta.debug.xcconfig"; sourceTree = "<group>"; };
/* End PBXFileReference section */

/* Begin PBXFrameworksBuildPhase section */
		E092FA7C24C9661C008895FD /* Frameworks */ = {
			isa = PBXFrameworksBuildPhase;
			buildActionMask = 2147483647;
			files = (
				521E8D001FD2A2310542F67A /* Pods_Assignment_VikramGupta.framework in Frameworks */,
			);
			runOnlyForDeploymentPostprocessing = 0;
		};
		E092FA9224C96625008895FD /* Frameworks */ = {
			isa = PBXFrameworksBuildPhase;
			buildActionMask = 2147483647;
			files = (
				BD88BD9867199C276869CCF9 /* Pods_Assignment_VikramGuptaTests.framework in Frameworks */,
			);
			runOnlyForDeploymentPostprocessing = 0;
		};
		E092FA9D24C96625008895FD /* Frameworks */ = {
			isa = PBXFrameworksBuildPhase;
			buildActionMask = 2147483647;
			files = (
				FADDEC505FAA53F74454BC3A /* Pods_Assignment_VikramGupta_Assignment_VikramGuptaUITests.framework in Frameworks */,
			);
			runOnlyForDeploymentPostprocessing = 0;
		};
/* End PBXFrameworksBuildPhase section */

/* Begin PBXGroup section */
		3C1CD483B45838F317BDA5EB /* Frameworks */ = {
			isa = PBXGroup;
			children = (
				634D886EEC1803D667043C4A /* Pods_Assignment_VikramGupta.framework */,
				9628B57808C450A5672D8E8E /* Pods_Assignment_VikramGupta_Assignment_VikramGuptaUITests.framework */,
				6CE27762A1BF3F6B86D14A21 /* Pods_Assignment_VikramGuptaTests.framework */,
			);
			name = Frameworks;
			sourceTree = "<group>";
		};
		C6CFAA88D8744CECE0863C5B /* Pods */ = {
			isa = PBXGroup;
			children = (
				FB34366575713CC114A22287 /* Pods-Assignment_VikramGupta.debug.xcconfig */,
				2C59F91DD15E9AF7BB9FE21D /* Pods-Assignment_VikramGupta.release.xcconfig */,
				7276CEB622EE17A287C46C72 /* Pods-Assignment_VikramGupta-Assignment_VikramGuptaUITests.debug.xcconfig */,
				FA96934B48167467B21720D2 /* Pods-Assignment_VikramGupta-Assignment_VikramGuptaUITests.release.xcconfig */,
				18F042C5CB7496071F801A79 /* Pods-Assignment_VikramGuptaTests.debug.xcconfig */,
				E2246553380F12A33DF38E44 /* Pods-Assignment_VikramGuptaTests.release.xcconfig */,
			);
			path = Pods;
			sourceTree = "<group>";
		};
		E092FA7624C9661C008895FD = {
			isa = PBXGroup;
			children = (
				E092FA8124C9661C008895FD /* Assignment_VikramGupta */,
				E092FA9824C96625008895FD /* Assignment_VikramGuptaTests */,
				E092FAA324C96625008895FD /* Assignment_VikramGuptaUITests */,
				E092FA8024C9661C008895FD /* Products */,
				C6CFAA88D8744CECE0863C5B /* Pods */,
				3C1CD483B45838F317BDA5EB /* Frameworks */,
			);
			sourceTree = "<group>";
		};
		E092FA8024C9661C008895FD /* Products */ = {
			isa = PBXGroup;
			children = (
				E092FA7F24C9661C008895FD /* Canada Facts.app */,
				E092FA9524C96625008895FD /* Assignment_VikramGuptaTests.xctest */,
				E092FAA024C96625008895FD /* Assignment_VikramGuptaUITests.xctest */,
			);
			name = Products;
			sourceTree = "<group>";
		};
		E092FA8124C9661C008895FD /* Assignment_VikramGupta */ = {
			isa = PBXGroup;
			children = (
				E092FAEA24CAD0FF008895FD /* AppDelegate */,
				E092FAB824C9A383008895FD /* WebAPI */,
				E092FAB724C9A37C008895FD /* Model */,
				E092FAB624C9A31D008895FD /* ViewModel */,
				E092FAB524C9A30F008895FD /* Utility */,
				E092FAB424C9A2F7008895FD /* UIView */,
				E092FAEE24CAD5D0008895FD /* Resources */,
				E092FA8D24C96624008895FD /* LaunchScreen.storyboard */,
				E092FA9024C96624008895FD /* Info.plist */,
			);
			path = Assignment_VikramGupta;
			sourceTree = "<group>";
		};
		E092FA9824C96625008895FD /* Assignment_VikramGuptaTests */ = {
			isa = PBXGroup;
			children = (
				E092FA9924C96625008895FD /* Assignment_VikramGuptaTests.swift */,
				E092FA9B24C96625008895FD /* Info.plist */,
				E092FAEC24CAD57A008895FD /* Assignment_VikramGuptaModelTest.swift */,
			);
			path = Assignment_VikramGuptaTests;
			sourceTree = "<group>";
		};
		E092FAA324C96625008895FD /* Assignment_VikramGuptaUITests */ = {
			isa = PBXGroup;
			children = (
				E092FAA424C96625008895FD /* Assignment_VikramGuptaUITests.swift */,
				E092FAA624C96625008895FD /* Info.plist */,
			);
			path = Assignment_VikramGuptaUITests;
			sourceTree = "<group>";
		};
		E092FAB424C9A2F7008895FD /* UIView */ = {
			isa = PBXGroup;
			children = (
				E092FACD24C9E587008895FD /* Extensions */,
				E092FACA24C9E400008895FD /* ViewControllers */,
			);
			path = UIView;
			sourceTree = "<group>";
		};
		E092FAB524C9A30F008895FD /* Utility */ = {
			isa = PBXGroup;
			children = (
				E092FABD24C9A56F008895FD /* Constants.swift */,
			);
			path = Utility;
			sourceTree = "<group>";
		};
		E092FAB624C9A31D008895FD /* ViewModel */ = {
			isa = PBXGroup;
			children = (
				E092FAC424C9AB59008895FD /* FactsViewModel.swift */,
			);
			path = ViewModel;
			sourceTree = "<group>";
		};
		E092FAB724C9A37C008895FD /* Model */ = {
			isa = PBXGroup;
			children = (
				E092FAB924C9A3DA008895FD /* Facts.swift */,
			);
			path = Model;
			sourceTree = "<group>";
		};
		E092FAB824C9A383008895FD /* WebAPI */ = {
			isa = PBXGroup;
			children = (
				E092FABB24C9A4CF008895FD /* APIManager.swift */,
				E092FABF24C9A723008895FD /* NetworkManager.swift */,
			);
			path = WebAPI;
			sourceTree = "<group>";
		};
		E092FAC624C9E3C2008895FD /* TableCell */ = {
			isa = PBXGroup;
			children = (
				E092FAC824C9E3F5008895FD /* DashboardTableViewCell.swift */,
			);
			path = TableCell;
			sourceTree = "<group>";
		};
		E092FACA24C9E400008895FD /* ViewControllers */ = {
			isa = PBXGroup;
			children = (
				E092FAC624C9E3C2008895FD /* TableCell */,
				E092FAB224C967AB008895FD /* DashboardViewController.swift */,
			);
			path = ViewControllers;
			sourceTree = "<group>";
		};
		E092FACD24C9E587008895FD /* Extensions */ = {
			isa = PBXGroup;
			children = (
				E092FAE824CAD0BC008895FD /* UIImageView+LoadImageURL.swift */,
				E092FAE624CAC60D008895FD /* UIViewController+Facts.swift */,
			);
			path = Extensions;
			sourceTree = "<group>";
		};
		E092FAEA24CAD0FF008895FD /* AppDelegate */ = {
			isa = PBXGroup;
			children = (
				E092FA8224C9661C008895FD /* AppDelegate.swift */,
			);
			path = AppDelegate;
			sourceTree = "<group>";
		};
		E092FAEE24CAD5D0008895FD /* Resources */ = {
			isa = PBXGroup;
			children = (
				E092FAEF24CAD5DD008895FD /* response.json */,
				E092FA8B24C96624008895FD /* Assets.xcassets */,
			);
			name = Resources;
			path = UIView/Resources;
			sourceTree = "<group>";
		};
/* End PBXGroup section */

/* Begin PBXNativeTarget section */
		E092FA7E24C9661C008895FD /* Assignment_VikramGupta */ = {
			isa = PBXNativeTarget;
			buildConfigurationList = E092FAA924C96625008895FD /* Build configuration list for PBXNativeTarget "Assignment_VikramGupta" */;
			buildPhases = (
				CAD69247606D0F6AE8A7F5F7 /* [CP] Check Pods Manifest.lock */,
				E092FA7B24C9661C008895FD /* Sources */,
				E092FA7C24C9661C008895FD /* Frameworks */,
				E092FA7D24C9661C008895FD /* Resources */,
				65828793BC6E9C05E5FB4CC6 /* [CP] Embed Pods Frameworks */,
			);
			buildRules = (
			);
			dependencies = (
			);
			name = Assignment_VikramGupta;
			productName = Assignment_VikramGupta;
			productReference = E092FA7F24C9661C008895FD /* Canada Facts.app */;
			productType = "com.apple.product-type.application";
		};
		E092FA9424C96625008895FD /* Assignment_VikramGuptaTests */ = {
			isa = PBXNativeTarget;
			buildConfigurationList = E092FAAC24C96625008895FD /* Build configuration list for PBXNativeTarget "Assignment_VikramGuptaTests" */;
			buildPhases = (
				DC236538170BCE4F5FEBCA95 /* [CP] Check Pods Manifest.lock */,
				E092FA9124C96625008895FD /* Sources */,
				E092FA9224C96625008895FD /* Frameworks */,
				E092FA9324C96625008895FD /* Resources */,
			);
			buildRules = (
			);
			dependencies = (
				E092FA9724C96625008895FD /* PBXTargetDependency */,
			);
			name = Assignment_VikramGuptaTests;
			productName = Assignment_VikramGuptaTests;
			productReference = E092FA9524C96625008895FD /* Assignment_VikramGuptaTests.xctest */;
			productType = "com.apple.product-type.bundle.unit-test";
		};
		E092FA9F24C96625008895FD /* Assignment_VikramGuptaUITests */ = {
			isa = PBXNativeTarget;
			buildConfigurationList = E092FAAF24C96625008895FD /* Build configuration list for PBXNativeTarget "Assignment_VikramGuptaUITests" */;
			buildPhases = (
				802BC70F5379F8E9ADD0952C /* [CP] Check Pods Manifest.lock */,
				E092FA9C24C96625008895FD /* Sources */,
				E092FA9D24C96625008895FD /* Frameworks */,
				E092FA9E24C96625008895FD /* Resources */,
				774F11C04D353956724BC8E7 /* [CP] Embed Pods Frameworks */,
			);
			buildRules = (
			);
			dependencies = (
				E092FAA224C96625008895FD /* PBXTargetDependency */,
			);
			name = Assignment_VikramGuptaUITests;
			productName = Assignment_VikramGuptaUITests;
			productReference = E092FAA024C96625008895FD /* Assignment_VikramGuptaUITests.xctest */;
			productType = "com.apple.product-type.bundle.ui-testing";
		};
/* End PBXNativeTarget section */

/* Begin PBXProject section */
		E092FA7724C9661C008895FD /* Project object */ = {
			isa = PBXProject;
			attributes = {
				LastSwiftUpdateCheck = 1150;
				LastUpgradeCheck = 1150;
				ORGANIZATIONNAME = "Vikram Gupta";
				TargetAttributes = {
					E092FA7E24C9661C008895FD = {
						CreatedOnToolsVersion = 11.5;
					};
					E092FA9424C96625008895FD = {
						CreatedOnToolsVersion = 11.5;
						TestTargetID = E092FA7E24C9661C008895FD;
					};
					E092FA9F24C96625008895FD = {
						CreatedOnToolsVersion = 11.5;
						TestTargetID = E092FA7E24C9661C008895FD;
					};
				};
			};
			buildConfigurationList = E092FA7A24C9661C008895FD /* Build configuration list for PBXProject "Assignment_VikramGupta" */;
			compatibilityVersion = "Xcode 9.3";
			developmentRegion = en;
			hasScannedForEncodings = 0;
			knownRegions = (
				en,
				Base,
			);
			mainGroup = E092FA7624C9661C008895FD;
			productRefGroup = E092FA8024C9661C008895FD /* Products */;
			projectDirPath = "";
			projectRoot = "";
			targets = (
				E092FA7E24C9661C008895FD /* Assignment_VikramGupta */,
				E092FA9424C96625008895FD /* Assignment_VikramGuptaTests */,
				E092FA9F24C96625008895FD /* Assignment_VikramGuptaUITests */,
			);
		};
/* End PBXProject section */

/* Begin PBXResourcesBuildPhase section */
		E092FA7D24C9661C008895FD /* Resources */ = {
			isa = PBXResourcesBuildPhase;
			buildActionMask = 2147483647;
			files = (
				E092FA8F24C96624008895FD /* LaunchScreen.storyboard in Resources */,
				E092FA8C24C96624008895FD /* Assets.xcassets in Resources */,
				E092FAF024CAD5DD008895FD /* response.json in Resources */,
			);
			runOnlyForDeploymentPostprocessing = 0;
		};
		E092FA9324C96625008895FD /* Resources */ = {
			isa = PBXResourcesBuildPhase;
			buildActionMask = 2147483647;
			files = (
			);
			runOnlyForDeploymentPostprocessing = 0;
		};
		E092FA9E24C96625008895FD /* Resources */ = {
			isa = PBXResourcesBuildPhase;
			buildActionMask = 2147483647;
			files = (
			);
			runOnlyForDeploymentPostprocessing = 0;
		};
/* End PBXResourcesBuildPhase section */

/* Begin PBXShellScriptBuildPhase section */
		65828793BC6E9C05E5FB4CC6 /* [CP] Embed Pods Frameworks */ = {
			isa = PBXShellScriptBuildPhase;
			buildActionMask = 2147483647;
			files = (
			);
			inputFileListPaths = (
				"${PODS_ROOT}/Target Support Files/Pods-Assignment_VikramGupta/Pods-Assignment_VikramGupta-frameworks-${CONFIGURATION}-input-files.xcfilelist",
			);
			name = "[CP] Embed Pods Frameworks";
			outputFileListPaths = (
				"${PODS_ROOT}/Target Support Files/Pods-Assignment_VikramGupta/Pods-Assignment_VikramGupta-frameworks-${CONFIGURATION}-output-files.xcfilelist",
			);
			runOnlyForDeploymentPostprocessing = 0;
			shellPath = /bin/sh;
			shellScript = "\"${PODS_ROOT}/Target Support Files/Pods-Assignment_VikramGupta/Pods-Assignment_VikramGupta-frameworks.sh\"\n";
			showEnvVarsInLog = 0;
		};
		774F11C04D353956724BC8E7 /* [CP] Embed Pods Frameworks */ = {
			isa = PBXShellScriptBuildPhase;
			buildActionMask = 2147483647;
			files = (
			);
			inputFileListPaths = (
				"${PODS_ROOT}/Target Support Files/Pods-Assignment_VikramGupta-Assignment_VikramGuptaUITests/Pods-Assignment_VikramGupta-Assignment_VikramGuptaUITests-frameworks-${CONFIGURATION}-input-files.xcfilelist",
			);
			name = "[CP] Embed Pods Frameworks";
			outputFileListPaths = (
				"${PODS_ROOT}/Target Support Files/Pods-Assignment_VikramGupta-Assignment_VikramGuptaUITests/Pods-Assignment_VikramGupta-Assignment_VikramGuptaUITests-frameworks-${CONFIGURATION}-output-files.xcfilelist",
			);
			runOnlyForDeploymentPostprocessing = 0;
			shellPath = /bin/sh;
			shellScript = "\"${PODS_ROOT}/Target Support Files/Pods-Assignment_VikramGupta-Assignment_VikramGuptaUITests/Pods-Assignment_VikramGupta-Assignment_VikramGuptaUITests-frameworks.sh\"\n";
			showEnvVarsInLog = 0;
		};
		802BC70F5379F8E9ADD0952C /* [CP] Check Pods Manifest.lock */ = {
			isa = PBXShellScriptBuildPhase;
			buildActionMask = 2147483647;
			files = (
			);
			inputFileListPaths = (
			);
			inputPaths = (
				"${PODS_PODFILE_DIR_PATH}/Podfile.lock",
				"${PODS_ROOT}/Manifest.lock",
			);
			name = "[CP] Check Pods Manifest.lock";
			outputFileListPaths = (
			);
			outputPaths = (
				"$(DERIVED_FILE_DIR)/Pods-Assignment_VikramGupta-Assignment_VikramGuptaUITests-checkManifestLockResult.txt",
			);
			runOnlyForDeploymentPostprocessing = 0;
			shellPath = /bin/sh;
			shellScript = "diff \"${PODS_PODFILE_DIR_PATH}/Podfile.lock\" \"${PODS_ROOT}/Manifest.lock\" > /dev/null\nif [ $? != 0 ] ; then\n    # print error to STDERR\n    echo \"error: The sandbox is not in sync with the Podfile.lock. Run 'pod install' or update your CocoaPods installation.\" >&2\n    exit 1\nfi\n# This output is used by Xcode 'outputs' to avoid re-running this script phase.\necho \"SUCCESS\" > \"${SCRIPT_OUTPUT_FILE_0}\"\n";
			showEnvVarsInLog = 0;
		};
		CAD69247606D0F6AE8A7F5F7 /* [CP] Check Pods Manifest.lock */ = {
			isa = PBXShellScriptBuildPhase;
			buildActionMask = 2147483647;
			files = (
			);
			inputFileListPaths = (
			);
			inputPaths = (
				"${PODS_PODFILE_DIR_PATH}/Podfile.lock",
				"${PODS_ROOT}/Manifest.lock",
			);
			name = "[CP] Check Pods Manifest.lock";
			outputFileListPaths = (
			);
			outputPaths = (
				"$(DERIVED_FILE_DIR)/Pods-Assignment_VikramGupta-checkManifestLockResult.txt",
			);
			runOnlyForDeploymentPostprocessing = 0;
			shellPath = /bin/sh;
			shellScript = "diff \"${PODS_PODFILE_DIR_PATH}/Podfile.lock\" \"${PODS_ROOT}/Manifest.lock\" > /dev/null\nif [ $? != 0 ] ; then\n    # print error to STDERR\n    echo \"error: The sandbox is not in sync with the Podfile.lock. Run 'pod install' or update your CocoaPods installation.\" >&2\n    exit 1\nfi\n# This output is used by Xcode 'outputs' to avoid re-running this script phase.\necho \"SUCCESS\" > \"${SCRIPT_OUTPUT_FILE_0}\"\n";
			showEnvVarsInLog = 0;
		};
		DC236538170BCE4F5FEBCA95 /* [CP] Check Pods Manifest.lock */ = {
			isa = PBXShellScriptBuildPhase;
			buildActionMask = 2147483647;
			files = (
			);
			inputFileListPaths = (
			);
			inputPaths = (
				"${PODS_PODFILE_DIR_PATH}/Podfile.lock",
				"${PODS_ROOT}/Manifest.lock",
			);
			name = "[CP] Check Pods Manifest.lock";
			outputFileListPaths = (
			);
			outputPaths = (
				"$(DERIVED_FILE_DIR)/Pods-Assignment_VikramGuptaTests-checkManifestLockResult.txt",
			);
			runOnlyForDeploymentPostprocessing = 0;
			shellPath = /bin/sh;
			shellScript = "diff \"${PODS_PODFILE_DIR_PATH}/Podfile.lock\" \"${PODS_ROOT}/Manifest.lock\" > /dev/null\nif [ $? != 0 ] ; then\n    # print error to STDERR\n    echo \"error: The sandbox is not in sync with the Podfile.lock. Run 'pod install' or update your CocoaPods installation.\" >&2\n    exit 1\nfi\n# This output is used by Xcode 'outputs' to avoid re-running this script phase.\necho \"SUCCESS\" > \"${SCRIPT_OUTPUT_FILE_0}\"\n";
			showEnvVarsInLog = 0;
		};
/* End PBXShellScriptBuildPhase section */

/* Begin PBXSourcesBuildPhase section */
		E092FA7B24C9661C008895FD /* Sources */ = {
			isa = PBXSourcesBuildPhase;
			buildActionMask = 2147483647;
			files = (
				E092FABC24C9A4CF008895FD /* APIManager.swift in Sources */,
				E092FA8324C9661C008895FD /* AppDelegate.swift in Sources */,
				E092FAC524C9AB59008895FD /* FactsViewModel.swift in Sources */,
				E092FAC924C9E3F5008895FD /* DashboardTableViewCell.swift in Sources */,
				E092FAE924CAD0BC008895FD /* UIImageView+LoadImageURL.swift in Sources */,
				E092FAE724CAC60D008895FD /* UIViewController+Facts.swift in Sources */,
				E092FAC024C9A723008895FD /* NetworkManager.swift in Sources */,
				E092FABE24C9A56F008895FD /* Constants.swift in Sources */,
				E092FABA24C9A3DA008895FD /* Facts.swift in Sources */,
				E092FAB324C967AB008895FD /* DashboardViewController.swift in Sources */,
			);
			runOnlyForDeploymentPostprocessing = 0;
		};
		E092FA9124C96625008895FD /* Sources */ = {
			isa = PBXSourcesBuildPhase;
			buildActionMask = 2147483647;
			files = (
				E092FAF124CAD5EF008895FD /* Assignment_VikramGuptaModelTest.swift in Sources */,
				E092FA9A24C96625008895FD /* Assignment_VikramGuptaTests.swift in Sources */,
			);
			runOnlyForDeploymentPostprocessing = 0;
		};
		E092FA9C24C96625008895FD /* Sources */ = {
			isa = PBXSourcesBuildPhase;
			buildActionMask = 2147483647;
			files = (
				E092FAA524C96625008895FD /* Assignment_VikramGuptaUITests.swift in Sources */,
			);
			runOnlyForDeploymentPostprocessing = 0;
		};
/* End PBXSourcesBuildPhase section */

/* Begin PBXTargetDependency section */
		E092FA9724C96625008895FD /* PBXTargetDependency */ = {
			isa = PBXTargetDependency;
			target = E092FA7E24C9661C008895FD /* Assignment_VikramGupta */;
			targetProxy = E092FA9624C96625008895FD /* PBXContainerItemProxy */;
		};
		E092FAA224C96625008895FD /* PBXTargetDependency */ = {
			isa = PBXTargetDependency;
			target = E092FA7E24C9661C008895FD /* Assignment_VikramGupta */;
			targetProxy = E092FAA124C96625008895FD /* PBXContainerItemProxy */;
		};
/* End PBXTargetDependency section */

/* Begin PBXVariantGroup section */
		E092FA8D24C96624008895FD /* LaunchScreen.storyboard */ = {
			isa = PBXVariantGroup;
			children = (
				E092FA8E24C96624008895FD /* Base */,
			);
			name = LaunchScreen.storyboard;
			sourceTree = "<group>";
		};
/* End PBXVariantGroup section */

/* Begin XCBuildConfiguration section */
		E092FAA724C96625008895FD /* Debug */ = {
			isa = XCBuildConfiguration;
			buildSettings = {
				ALWAYS_SEARCH_USER_PATHS = NO;
				CLANG_ANALYZER_NONNULL = YES;
				CLANG_ANALYZER_NUMBER_OBJECT_CONVERSION = YES_AGGRESSIVE;
				CLANG_CXX_LANGUAGE_STANDARD = "gnu++14";
				CLANG_CXX_LIBRARY = "libc++";
				CLANG_ENABLE_MODULES = YES;
				CLANG_ENABLE_OBJC_ARC = YES;
				CLANG_ENABLE_OBJC_WEAK = YES;
				CLANG_WARN_BLOCK_CAPTURE_AUTORELEASING = YES;
				CLANG_WARN_BOOL_CONVERSION = YES;
				CLANG_WARN_COMMA = YES;
				CLANG_WARN_CONSTANT_CONVERSION = YES;
				CLANG_WARN_DEPRECATED_OBJC_IMPLEMENTATIONS = YES;
				CLANG_WARN_DIRECT_OBJC_ISA_USAGE = YES_ERROR;
				CLANG_WARN_DOCUMENTATION_COMMENTS = YES;
				CLANG_WARN_EMPTY_BODY = YES;
				CLANG_WARN_ENUM_CONVERSION = YES;
				CLANG_WARN_INFINITE_RECURSION = YES;
				CLANG_WARN_INT_CONVERSION = YES;
				CLANG_WARN_NON_LITERAL_NULL_CONVERSION = YES;
				CLANG_WARN_OBJC_IMPLICIT_RETAIN_SELF = YES;
				CLANG_WARN_OBJC_LITERAL_CONVERSION = YES;
				CLANG_WARN_OBJC_ROOT_CLASS = YES_ERROR;
				CLANG_WARN_RANGE_LOOP_ANALYSIS = YES;
				CLANG_WARN_STRICT_PROTOTYPES = YES;
				CLANG_WARN_SUSPICIOUS_MOVE = YES;
				CLANG_WARN_UNGUARDED_AVAILABILITY = YES_AGGRESSIVE;
				CLANG_WARN_UNREACHABLE_CODE = YES;
				CLANG_WARN__DUPLICATE_METHOD_MATCH = YES;
				COPY_PHASE_STRIP = NO;
				DEBUG_INFORMATION_FORMAT = dwarf;
				ENABLE_STRICT_OBJC_MSGSEND = YES;
				ENABLE_TESTABILITY = YES;
				GCC_C_LANGUAGE_STANDARD = gnu11;
				GCC_DYNAMIC_NO_PIC = NO;
				GCC_NO_COMMON_BLOCKS = YES;
				GCC_OPTIMIZATION_LEVEL = 0;
				GCC_PREPROCESSOR_DEFINITIONS = (
					"DEBUG=1",
					"$(inherited)",
				);
				GCC_WARN_64_TO_32_BIT_CONVERSION = YES;
				GCC_WARN_ABOUT_RETURN_TYPE = YES_ERROR;
				GCC_WARN_UNDECLARED_SELECTOR = YES;
				GCC_WARN_UNINITIALIZED_AUTOS = YES_AGGRESSIVE;
				GCC_WARN_UNUSED_FUNCTION = YES;
				GCC_WARN_UNUSED_VARIABLE = YES;
				IPHONEOS_DEPLOYMENT_TARGET = 13.5;
				MTL_ENABLE_DEBUG_INFO = INCLUDE_SOURCE;
				MTL_FAST_MATH = YES;
				ONLY_ACTIVE_ARCH = YES;
				SDKROOT = iphoneos;
				SWIFT_ACTIVE_COMPILATION_CONDITIONS = DEBUG;
				SWIFT_OPTIMIZATION_LEVEL = "-Onone";
			};
			name = Debug;
		};
		E092FAA824C96625008895FD /* Release */ = {
			isa = XCBuildConfiguration;
			buildSettings = {
				ALWAYS_SEARCH_USER_PATHS = NO;
				CLANG_ANALYZER_NONNULL = YES;
				CLANG_ANALYZER_NUMBER_OBJECT_CONVERSION = YES_AGGRESSIVE;
				CLANG_CXX_LANGUAGE_STANDARD = "gnu++14";
				CLANG_CXX_LIBRARY = "libc++";
				CLANG_ENABLE_MODULES = YES;
				CLANG_ENABLE_OBJC_ARC = YES;
				CLANG_ENABLE_OBJC_WEAK = YES;
				CLANG_WARN_BLOCK_CAPTURE_AUTORELEASING = YES;
				CLANG_WARN_BOOL_CONVERSION = YES;
				CLANG_WARN_COMMA = YES;
				CLANG_WARN_CONSTANT_CONVERSION = YES;
				CLANG_WARN_DEPRECATED_OBJC_IMPLEMENTATIONS = YES;
				CLANG_WARN_DIRECT_OBJC_ISA_USAGE = YES_ERROR;
				CLANG_WARN_DOCUMENTATION_COMMENTS = YES;
				CLANG_WARN_EMPTY_BODY = YES;
				CLANG_WARN_ENUM_CONVERSION = YES;
				CLANG_WARN_INFINITE_RECURSION = YES;
				CLANG_WARN_INT_CONVERSION = YES;
				CLANG_WARN_NON_LITERAL_NULL_CONVERSION = YES;
				CLANG_WARN_OBJC_IMPLICIT_RETAIN_SELF = YES;
				CLANG_WARN_OBJC_LITERAL_CONVERSION = YES;
				CLANG_WARN_OBJC_ROOT_CLASS = YES_ERROR;
				CLANG_WARN_RANGE_LOOP_ANALYSIS = YES;
				CLANG_WARN_STRICT_PROTOTYPES = YES;
				CLANG_WARN_SUSPICIOUS_MOVE = YES;
				CLANG_WARN_UNGUARDED_AVAILABILITY = YES_AGGRESSIVE;
				CLANG_WARN_UNREACHABLE_CODE = YES;
				CLANG_WARN__DUPLICATE_METHOD_MATCH = YES;
				COPY_PHASE_STRIP = NO;
				DEBUG_INFORMATION_FORMAT = "dwarf-with-dsym";
				ENABLE_NS_ASSERTIONS = NO;
				ENABLE_STRICT_OBJC_MSGSEND = YES;
				GCC_C_LANGUAGE_STANDARD = gnu11;
				GCC_NO_COMMON_BLOCKS = YES;
				GCC_WARN_64_TO_32_BIT_CONVERSION = YES;
				GCC_WARN_ABOUT_RETURN_TYPE = YES_ERROR;
				GCC_WARN_UNDECLARED_SELECTOR = YES;
				GCC_WARN_UNINITIALIZED_AUTOS = YES_AGGRESSIVE;
				GCC_WARN_UNUSED_FUNCTION = YES;
				GCC_WARN_UNUSED_VARIABLE = YES;
				IPHONEOS_DEPLOYMENT_TARGET = 13.5;
				MTL_ENABLE_DEBUG_INFO = NO;
				MTL_FAST_MATH = YES;
				SDKROOT = iphoneos;
				SWIFT_COMPILATION_MODE = wholemodule;
				SWIFT_OPTIMIZATION_LEVEL = "-O";
				VALIDATE_PRODUCT = YES;
			};
			name = Release;
		};
		E092FAAA24C96625008895FD /* Debug */ = {
			isa = XCBuildConfiguration;
			baseConfigurationReference = FB34366575713CC114A22287 /* Pods-Assignment_VikramGupta.debug.xcconfig */;
			buildSettings = {
				ASSETCATALOG_COMPILER_APPICON_NAME = AppIcon;
				CODE_SIGN_STYLE = Automatic;
				INFOPLIST_FILE = "$(SRCROOT)/Assignment_VikramGupta/Resources/Info.plist";
				IPHONEOS_DEPLOYMENT_TARGET = 10.0;
				LD_RUNPATH_SEARCH_PATHS = (
					"$(inherited)",
					"@executable_path/Frameworks",
				);
				PRODUCT_BUNDLE_IDENTIFIER = com.vikram.canadaFacts;
				PRODUCT_NAME = "Canada Facts";
				SWIFT_VERSION = 5.0;
				TARGETED_DEVICE_FAMILY = "1,2";
			};
			name = Debug;
		};
		E092FAAB24C96625008895FD /* Release */ = {
			isa = XCBuildConfiguration;
			baseConfigurationReference = 2C59F91DD15E9AF7BB9FE21D /* Pods-Assignment_VikramGupta.release.xcconfig */;
			buildSettings = {
				ASSETCATALOG_COMPILER_APPICON_NAME = AppIcon;
				CODE_SIGN_STYLE = Automatic;
				INFOPLIST_FILE = "$(SRCROOT)/Assignment_VikramGupta/Resources/Info.plist";
				IPHONEOS_DEPLOYMENT_TARGET = 10.0;
				LD_RUNPATH_SEARCH_PATHS = (
					"$(inherited)",
					"@executable_path/Frameworks",
				);
				PRODUCT_BUNDLE_IDENTIFIER = com.vikram.canadaFacts;
				PRODUCT_NAME = "Canada Facts";
				SWIFT_VERSION = 5.0;
				TARGETED_DEVICE_FAMILY = "1,2";
			};
			name = Release;
		};
		E092FAAD24C96625008895FD /* Debug */ = {
			isa = XCBuildConfiguration;
			baseConfigurationReference = 18F042C5CB7496071F801A79 /* Pods-Assignment_VikramGuptaTests.debug.xcconfig */;
			buildSettings = {
				ALWAYS_EMBED_SWIFT_STANDARD_LIBRARIES = YES;
				BUNDLE_LOADER = "$(TEST_HOST)";
				CODE_SIGN_STYLE = Automatic;
				INFOPLIST_FILE = Assignment_VikramGuptaTests/Info.plist;
				IPHONEOS_DEPLOYMENT_TARGET = 13.5;
				LD_RUNPATH_SEARCH_PATHS = (
					"$(inherited)",
					"@executable_path/Frameworks",
					"@loader_path/Frameworks",
				);
				PRODUCT_BUNDLE_IDENTIFIER = "Vikram.Assignment-VikramGuptaTests";
				PRODUCT_NAME = "$(TARGET_NAME)";
				SWIFT_VERSION = 5.0;
				TARGETED_DEVICE_FAMILY = "1,2";
				TEST_HOST = "$(BUILT_PRODUCTS_DIR)/Assignment_VikramGupta.app/Assignment_VikramGupta";
			};
			name = Debug;
		};
		E092FAAE24C96625008895FD /* Release */ = {
			isa = XCBuildConfiguration;
			baseConfigurationReference = E2246553380F12A33DF38E44 /* Pods-Assignment_VikramGuptaTests.release.xcconfig */;
			buildSettings = {
				ALWAYS_EMBED_SWIFT_STANDARD_LIBRARIES = YES;
				BUNDLE_LOADER = "$(TEST_HOST)";
				CODE_SIGN_STYLE = Automatic;
				INFOPLIST_FILE = Assignment_VikramGuptaTests/Info.plist;
				IPHONEOS_DEPLOYMENT_TARGET = 13.5;
				LD_RUNPATH_SEARCH_PATHS = (
					"$(inherited)",
					"@executable_path/Frameworks",
					"@loader_path/Frameworks",
				);
				PRODUCT_BUNDLE_IDENTIFIER = "Vikram.Assignment-VikramGuptaTests";
				PRODUCT_NAME = "$(TARGET_NAME)";
				SWIFT_VERSION = 5.0;
				TARGETED_DEVICE_FAMILY = "1,2";
				TEST_HOST = "$(BUILT_PRODUCTS_DIR)/Assignment_VikramGupta.app/Assignment_VikramGupta";
			};
			name = Release;
		};
		E092FAB024C96625008895FD /* Debug */ = {
			isa = XCBuildConfiguration;
			baseConfigurationReference = 7276CEB622EE17A287C46C72 /* Pods-Assignment_VikramGupta-Assignment_VikramGuptaUITests.debug.xcconfig */;
			buildSettings = {
				ALWAYS_EMBED_SWIFT_STANDARD_LIBRARIES = YES;
				CODE_SIGN_STYLE = Automatic;
				INFOPLIST_FILE = Assignment_VikramGuptaUITests/Info.plist;
				LD_RUNPATH_SEARCH_PATHS = (
					"$(inherited)",
					"@executable_path/Frameworks",
					"@loader_path/Frameworks",
				);
				PRODUCT_BUNDLE_IDENTIFIER = "Vikram.Assignment-VikramGuptaUITests";
				PRODUCT_NAME = "$(TARGET_NAME)";
				SWIFT_VERSION = 5.0;
				TARGETED_DEVICE_FAMILY = "1,2";
				TEST_TARGET_NAME = Assignment_VikramGupta;
			};
			name = Debug;
		};
		E092FAB124C96625008895FD /* Release */ = {
			isa = XCBuildConfiguration;
			baseConfigurationReference = FA96934B48167467B21720D2 /* Pods-Assignment_VikramGupta-Assignment_VikramGuptaUITests.release.xcconfig */;
			buildSettings = {
				ALWAYS_EMBED_SWIFT_STANDARD_LIBRARIES = YES;
				CODE_SIGN_STYLE = Automatic;
				INFOPLIST_FILE = Assignment_VikramGuptaUITests/Info.plist;
				LD_RUNPATH_SEARCH_PATHS = (
					"$(inherited)",
					"@executable_path/Frameworks",
					"@loader_path/Frameworks",
				);
				PRODUCT_BUNDLE_IDENTIFIER = "Vikram.Assignment-VikramGuptaUITests";
				PRODUCT_NAME = "$(TARGET_NAME)";
				SWIFT_VERSION = 5.0;
				TARGETED_DEVICE_FAMILY = "1,2";
				TEST_TARGET_NAME = Assignment_VikramGupta;
			};
			name = Release;
		};
/* End XCBuildConfiguration section */

/* Begin XCConfigurationList section */
		E092FA7A24C9661C008895FD /* Build configuration list for PBXProject "Assignment_VikramGupta" */ = {
			isa = XCConfigurationList;
			buildConfigurations = (
				E092FAA724C96625008895FD /* Debug */,
				E092FAA824C96625008895FD /* Release */,
			);
			defaultConfigurationIsVisible = 0;
			defaultConfigurationName = Release;
		};
		E092FAA924C96625008895FD /* Build configuration list for PBXNativeTarget "Assignment_VikramGupta" */ = {
			isa = XCConfigurationList;
			buildConfigurations = (
				E092FAAA24C96625008895FD /* Debug */,
				E092FAAB24C96625008895FD /* Release */,
			);
			defaultConfigurationIsVisible = 0;
			defaultConfigurationName = Release;
		};
		E092FAAC24C96625008895FD /* Build configuration list for PBXNativeTarget "Assignment_VikramGuptaTests" */ = {
			isa = XCConfigurationList;
			buildConfigurations = (
				E092FAAD24C96625008895FD /* Debug */,
				E092FAAE24C96625008895FD /* Release */,
			);
			defaultConfigurationIsVisible = 0;
			defaultConfigurationName = Release;
		};
		E092FAAF24C96625008895FD /* Build configuration list for PBXNativeTarget "Assignment_VikramGuptaUITests" */ = {
			isa = XCConfigurationList;
			buildConfigurations = (
				E092FAB024C96625008895FD /* Debug */,
				E092FAB124C96625008895FD /* Release */,
			);
			defaultConfigurationIsVisible = 0;
			defaultConfigurationName = Release;
		};
/* End XCConfigurationList section */
	};
	rootObject = E092FA7724C9661C008895FD /* Project object */;
}
